
Microsoft Visual Studio Solution File, Format Version 12.00
# Visual Studio Version 16
VisualStudioVersion = 16.0.30330.147
MinimumVisualStudioVersion = 10.0.40219.1
Project("{FAE04EC0-301F-11D3-BF4B-00C04F79EFBC}") = "Project3", "Project3\Project3.csproj", "{9044F818-548C-47E2-A1B0-99132CA5268A}"
EndProject
Global
	GlobalSection(SolutionConfigurationPlatforms) = preSolution
		Debug|Any CPU = Debug|Any CPU
		Release|Any CPU = Release|Any CPU
	EndGlobalSection
	GlobalSection(ProjectConfigurationPlatforms) = postSolution
		{9044F818-548C-47E2-A1B0-99132CA5268A}.Debug|Any CPU.ActiveCfg = Debug|Any CPU
		{9044F818-548C-47E2-A1B0-99132CA5268A}.Debug|Any CPU.Build.0 = Debug|Any CPU
		{9044F818-548C-47E2-A1B0-99132CA5268A}.Release|Any CPU.ActiveCfg = Release|Any CPU
		{9044F818-548C-47E2-A1B0-99132CA5268A}.Release|Any CPU.Build.0 = Release|Any CPU
	EndGlobalSection
	GlobalSection(SolutionProperties) = preSolution
		HideSolutionNode = FALSE
	EndGlobalSection
	GlobalSection(ExtensibilityGlobals) = postSolution
		SolutionGuid = {AF898BB4-B213-474F-B874-2364F7575553}
	EndGlobalSection
EndGlobal
